{
  "version": "5",
  "redirects": {
    "https://esm.sh/@supabase/supabase-js@2": "https://esm.sh/@supabase/supabase-js@2.92.0",
    "https://esm.sh/@types/core-util-is@~1.0.1/index.d.ts": "https://esm.sh/@types/core-util-is@1.0.1/index.d.ts",
    "https://esm.sh/@types/immediate@~3.2.2/index.d.ts": "https://esm.sh/@types/immediate@3.2.2/index.d.ts",
    "https://esm.sh/@types/pako@~1.0.7/index.d.ts": "https://esm.sh/@types/pako@1.0.7/index.d.ts",
    "https://esm.sh/@types/path-is-absolute@~1.0.2/index.d.ts": "https://esm.sh/@types/path-is-absolute@1.0.2/index.d.ts",
    "https://esm.sh/@types/readable-stream@~2.3.15/index.d.ts": "https://esm.sh/@types/readable-stream@2.3.15/index.d.ts",
    "https://esm.sh/@types/setimmediate@~1.0.4/index.d.ts": "https://esm.sh/@types/setimmediate@1.0.4/index.d.ts",
    "https://esm.sh/@types/underscore@~1.13.0/index.d.mts": "https://esm.sh/@types/underscore@1.13.0/index.d.mts",
    "https://esm.sh/@types/util-deprecate@~1.0.4/index.d.ts": "https://esm.sh/@types/util-deprecate@1.0.4/index.d.ts",
    "https://esm.sh/@xmldom/xmldom@^0.8.6/lib/dom?target=denonext": "https://esm.sh/@xmldom/xmldom@0.8.11/lib/dom?target=denonext",
    "https://esm.sh/@xmldom/xmldom@^0.8.6?target=denonext": "https://esm.sh/@xmldom/xmldom@0.8.11?target=denonext",
    "https://esm.sh/base64-js@^1.5.1?target=denonext": "https://esm.sh/base64-js@1.5.1?target=denonext",
    "https://esm.sh/bluebird@~3.4.0/js/release/promise?target=denonext": "https://esm.sh/bluebird@3.4.7/js/release/promise?target=denonext",
    "https://esm.sh/core-util-is@~1.0.0?target=denonext": "https://esm.sh/core-util-is@1.0.3?target=denonext",
    "https://esm.sh/dingbat-to-unicode@^1.0.1?target=denonext": "https://esm.sh/dingbat-to-unicode@1.0.1?target=denonext",
    "https://esm.sh/iceberg-js@^0.8.1?target=denonext": "https://esm.sh/iceberg-js@0.8.1?target=denonext",
    "https://esm.sh/immediate@~3.0.5?target=denonext": "https://esm.sh/immediate@3.0.6?target=denonext",
    "https://esm.sh/isarray@~1.0.0?target=denonext": "https://esm.sh/isarray@1.0.0?target=denonext",
    "https://esm.sh/jszip@^3.7.1?target=denonext": "https://esm.sh/jszip@3.10.1?target=denonext",
    "https://esm.sh/lie@~3.3.0?target=denonext": "https://esm.sh/lie@3.3.0?target=denonext",
    "https://esm.sh/lop@^0.4.1?target=denonext": "https://esm.sh/lop@0.4.2?target=denonext",
    "https://esm.sh/option@~0.2.1?target=denonext": "https://esm.sh/option@0.2.4?target=denonext",
    "https://esm.sh/pako@~1.0.2?target=denonext": "https://esm.sh/pako@1.0.11?target=denonext",
    "https://esm.sh/path-is-absolute@^1.0.0?target=denonext": "https://esm.sh/path-is-absolute@1.0.1?target=denonext",
    "https://esm.sh/process-nextick-args@~2.0.0?target=denonext": "https://esm.sh/process-nextick-args@2.0.1?target=denonext",
    "https://esm.sh/readable-stream@~2.3.6?target=denonext": "https://esm.sh/readable-stream@2.3.8?target=denonext",
    "https://esm.sh/safe-buffer@~5.1.0?target=denonext": "https://esm.sh/safe-buffer@5.1.2?target=denonext",
    "https://esm.sh/safe-buffer@~5.1.1?target=denonext": "https://esm.sh/safe-buffer@5.1.2?target=denonext",
    "https://esm.sh/setimmediate@^1.0.5?target=denonext": "https://esm.sh/setimmediate@1.0.5?target=denonext",
    "https://esm.sh/string_decoder@~1.1.1?target=denonext": "https://esm.sh/string_decoder@1.1.1?target=denonext",
    "https://esm.sh/underscore@^1.13.1?target=denonext": "https://esm.sh/underscore@1.13.7?target=denonext",
    "https://esm.sh/util-deprecate@~1.0.1?target=denonext": "https://esm.sh/util-deprecate@1.0.2?target=denonext",
    "https://esm.sh/xmlbuilder@^10.0.0?target=denonext": "https://esm.sh/xmlbuilder@10.1.1?target=denonext"
  },
  "remote": {
    "https://deno.land/std@0.168.0/async/abortable.ts": "80b2ac399f142cc528f95a037a7d0e653296352d95c681e284533765961de409",
    "https://deno.land/std@0.168.0/async/deadline.ts": "2c2deb53c7c28ca1dda7a3ad81e70508b1ebc25db52559de6b8636c9278fd41f",
    "https://deno.land/std@0.168.0/async/debounce.ts": "60301ffb37e730cd2d6f9dadfd0ecb2a38857681bd7aaf6b0a106b06e5210a98",
    "https://deno.land/std@0.168.0/async/deferred.ts": "77d3f84255c3627f1cc88699d8472b664d7635990d5358c4351623e098e917d6",
    "https://deno.land/std@0.168.0/async/delay.ts": "5a9bfba8de38840308a7a33786a0155a7f6c1f7a859558ddcec5fe06e16daf57",
    "https://deno.land/std@0.168.0/async/mod.ts": "7809ad4bb223e40f5fdc043e5c7ca04e0e25eed35c32c3c32e28697c553fa6d9",
    "https://deno.land/std@0.168.0/async/mux_async_iterator.ts": "770a0ff26c59f8bbbda6b703a2235f04e379f73238e8d66a087edc68c2a2c35f",
    "https://deno.land/std@0.168.0/async/pool.ts": "6854d8cd675a74c73391c82005cbbe4cc58183bddcd1fbbd7c2bcda42b61cf69",
    "https://deno.land/std@0.168.0/async/retry.ts": "e8e5173623915bbc0ddc537698fa418cf875456c347eda1ed453528645b42e67",
    "https://deno.land/std@0.168.0/async/tee.ts": "3a47cc4e9a940904fd4341f0224907e199121c80b831faa5ec2b054c6d2eff5e",
    "https://deno.land/std@0.168.0/http/server.ts": "e99c1bee8a3f6571ee4cdeb2966efad465b8f6fe62bec1bdb59c1f007cc4d155",
    "https://esm.sh/@supabase/auth-js@2.92.0/denonext/auth-js.mjs": "77ea54eb72ec2d4a1f300f4f091f9e3883c74fc2bb7fa0efb0aac0c2d6f32d65",
    "https://esm.sh/@supabase/functions-js@2.92.0/denonext/functions-js.mjs": "6739d94365734922867f9b15d03af7c20560f6c3ab870867ff2a5254dc5184a7",
    "https://esm.sh/@supabase/postgrest-js@2.92.0/denonext/postgrest-js.mjs": "c7526650bc95610e52aa5dc4bfa9f2101cdbcea17bb94837362c08cc1cc26368",
    "https://esm.sh/@supabase/realtime-js@2.92.0/denonext/realtime-js.mjs": "526d253d51239c6deb14895f0861c913f51ad43553ce8431a2bb0436244572f5",
    "https://esm.sh/@supabase/storage-js@2.92.0/denonext/storage-js.mjs": "34372ffda79c914f4b0071c0c32a87d257ca9954999f18d5319257fe21d5d1be",
    "https://esm.sh/@supabase/supabase-js@2.92.0": "a592f51988efd257abbfe69622ca115f485edfb1c6379fbbfc55ed8b7368d266",
    "https://esm.sh/@supabase/supabase-js@2.92.0/denonext/supabase-js.mjs": "290f17168fba43055709a373844e07b7d777dd2333498660ecca7e14e2acc663",
    "https://esm.sh/@xmldom/xmldom@0.8.11/denonext/lib/dom.mjs": "e2e8cb385490ebf966e4dbb7af86de3cbb355c5bf64f93c825e1dc22b83bfde1",
    "https://esm.sh/@xmldom/xmldom@0.8.11/denonext/xmldom.mjs": "2d6fc92605104e597d7d3d655cd77616cd5d9d68315cbd2732cf5ba91129cbe8",
    "https://esm.sh/@xmldom/xmldom@0.8.11/lib/dom?target=denonext": "ecd372a13c9e5891477a5c336d5c58a210175586b076d8d9c3c1a82df2e4f7a2",
    "https://esm.sh/@xmldom/xmldom@0.8.11?target=denonext": "719299f6518498983b15d663ad4fc66e32210bca1c19291f51b1ca796bb3bab2",
    "https://esm.sh/base64-js@1.5.1/denonext/base64-js.mjs": "5dbae8a1d8f5789da21736786f9921727523b5ccc64cbcf9f831331c381957dc",
    "https://esm.sh/base64-js@1.5.1?target=denonext": "7c2f775b41bd5df47fedaa143e6619625c9d81f34302d6aa030e20d9a7240633",
    "https://esm.sh/bluebird@3.4.7/denonext/js/release/promise.mjs": "70a486bd0a9777f02cf10e56450c9d2e13433fa70dd16c7ad8645285f447dbce",
    "https://esm.sh/bluebird@3.4.7/js/release/promise?target=denonext": "9aeec649a9e8863e49becd4e2b0014f7605292824f470a653ce64036ec57d8f6",
    "https://esm.sh/core-util-is@1.0.3/denonext/core-util-is.mjs": "cfcf1ae63d56751cbe4b3b90b90b7eea577c5380c4adc272ddea4b7db2bdbbf2",
    "https://esm.sh/core-util-is@1.0.3?target=denonext": "6c72958f8a1c8f42016b48c984a0f3d799ea1e0cd321f499fec0bf8db916c17f",
    "https://esm.sh/dingbat-to-unicode@1.0.1/denonext/dingbat-to-unicode.mjs": "e6070ddb3e14183ee620bb1992ae3a58b6eed2850552c2276950e91b0b1a820e",
    "https://esm.sh/dingbat-to-unicode@1.0.1?target=denonext": "87a68a1583bc61b3a35bccf5f93892ff7bdca5033ceba5007910f7e22423c62f",
    "https://esm.sh/iceberg-js@0.8.1/denonext/iceberg-js.mjs": "d839d81a2e3966500ca2cdd0c1cb458e9608bacfc91f7bb67a69b2e878dcdb4f",
    "https://esm.sh/iceberg-js@0.8.1?target=denonext": "58c849d7fe2bf4eca4a84eb501e83c161a7d8c34ca1bec15a962b3bec3062633",
    "https://esm.sh/immediate@3.0.6/denonext/immediate.mjs": "7148ba33cb905f7aca49affbacfa6a8257cd6b89e8c3c7c728d2d0387b4cce29",
    "https://esm.sh/immediate@3.0.6?target=denonext": "fba8d9ddb37f19ff27c0b1c5b4486ab82805114b14959379d92ca05d6351c5d3",
    "https://esm.sh/isarray@1.0.0/denonext/isarray.mjs": "0f26133cd58fc8580f99bbfd81f6290718328dc2a683c313c36f6b1e8c174edc",
    "https://esm.sh/isarray@1.0.0?target=denonext": "00e227f6d016cb5a5f832f6f2de91dd8ab092c7ac830c551bfcf0f63284d89e6",
    "https://esm.sh/jszip@3.10.1/denonext/jszip.mjs": "4da1ff531e0c52da8af033e20872992a17935e0f416e9625b6ed2600de695587",
    "https://esm.sh/jszip@3.10.1?target=denonext": "0428be12429bcc51e7067c0f35e99e09b65db0f40843497cf9c23f1bdfff27c3",
    "https://esm.sh/lie@3.3.0/denonext/lie.mjs": "20db2fef139e87d467b7cf24a9e53053e96460fefedde5910f925b1d0ddc0cba",
    "https://esm.sh/lie@3.3.0?target=denonext": "74a2c724bd2fef30c46c612632dfd2ee37394f1a4540eb112e0df2ef98df0434",
    "https://esm.sh/lop@0.4.2/denonext/lop.mjs": "98f2b8ad6ced8fc1498096bda398fb8926f7a2b323e240c219780b3fff315809",
    "https://esm.sh/lop@0.4.2?target=denonext": "a2cafe67bc2bfa2f748dbbf8f9bbd2d45317ced001adc22b9ea66daa4e497726",
    "https://esm.sh/mammoth@1.6.0": "c15e7832231fce10f279a9b7d5b3c9304911ff6f79beef9ba311fbd78262106b",
    "https://esm.sh/mammoth@1.6.0/denonext/mammoth.mjs": "d3e2d5f0f9c996991faf28e915bc018b519f482fc512b606507a2a578b569e1c",
    "https://esm.sh/option@0.2.4/denonext/option.mjs": "b8cf03e5854c10ff126fbd14e220ebdae474aca8456f4f04a754ac02c1ebb756",
    "https://esm.sh/option@0.2.4?target=denonext": "9be76649363d881dafbdd9379a4d9801f6cf70f573cd53cc6ae00e2d016587f1",
    "https://esm.sh/pako@1.0.11/denonext/pako.mjs": "4895feb3e2441ef725da4052a5dc93d219d065fef1decc4452bb9b7ee1477c0d",
    "https://esm.sh/pako@1.0.11?target=denonext": "bc43f66ed245d58d468bf9867b3e9080c5b0590b4c14038ea308954490e0b2ea",
    "https://esm.sh/path-is-absolute@1.0.1/denonext/path-is-absolute.mjs": "766423bb65ca750b4e728e59bfa01b674e5a6fe0c6409220710f2edb74acaa89",
    "https://esm.sh/path-is-absolute@1.0.1?target=denonext": "7dc4538eb9f034c0c977400f7c3c367a088e5245817fc8a5d27597f405eda85b",
    "https://esm.sh/process-nextick-args@2.0.1/denonext/process-nextick-args.mjs": "adffdd507c6571957aaab9d3f0a2aa54febdda1b4d546a57967fd2299505339e",
    "https://esm.sh/process-nextick-args@2.0.1?target=denonext": "b80260031d83086964facc0efc6e2cc8fd878d9ce14dfcf6999e508a4d8d13d0",
    "https://esm.sh/readable-stream@2.3.8/denonext/readable-stream.mjs": "ce8c7e2e7783c4487c1e9fcaf8824f0af26d48e6f5fe02fa9cbd70c34799ef98",
    "https://esm.sh/readable-stream@2.3.8?target=denonext": "a8d158c470101e7518fdf293728d4cb8b2ab2cac73140940c8a9ee5542194e13",
    "https://esm.sh/safe-buffer@5.1.2/denonext/safe-buffer.mjs": "848e2c2dafb98ea738399526e4396607872d1118acf8eb56eecd2a5f3be75568",
    "https://esm.sh/safe-buffer@5.1.2?target=denonext": "3126988c629e3dc2d6126b26f654aceae10ad989622a21cb2a73ee72603f7df8",
    "https://esm.sh/setimmediate@1.0.5/denonext/setimmediate.mjs": "30f30e809d4a3826d3c0821bd60d5ae6997a2950ab6f56eac0661e4a0fc9530f",
    "https://esm.sh/setimmediate@1.0.5?target=denonext": "e4cdae47cf945bcf372b8dcb0cdc8a494d616eac423ae43375097a1a01b57704",
    "https://esm.sh/string_decoder@1.1.1/denonext/string_decoder.mjs": "494e5a7fae95d5326e8aee93b4adfde75e389eea7a54bc1feea8549e786da032",
    "https://esm.sh/string_decoder@1.1.1?target=denonext": "092c97b62b99368a40fa044c402188472658bc71529415f73c16f66c05aaf6bf",
    "https://esm.sh/tslib@2.8.1/denonext/tslib.mjs": "ebce3cd5facb654623020337f867b426ba95f71596ba87acc9e6c6f4e55905ca",
    "https://esm.sh/underscore@1.13.7/denonext/underscore.mjs": "c16794f577088c2ce604576577ab835ebb763a6338e5ae7a0e9466bfd4168ece",
    "https://esm.sh/underscore@1.13.7?target=denonext": "2400e0a49914891c15d2b4e2d89e5d237d1b29be2fd6be3b658981748406b6e7",
    "https://esm.sh/util-deprecate@1.0.2/denonext/util-deprecate.mjs": "083639894972cb68837eef26346c43bdd01357977149e0a4493f76192a4008b8",
    "https://esm.sh/util-deprecate@1.0.2?target=denonext": "859f4df8ba771a4c33143185d3db6a7edb824fab1ed4f9a4b96ac0e6bc3ef1a4",
    "https://esm.sh/xmlbuilder@10.1.1/denonext/xmlbuilder.mjs": "b017c5ea3846ac18d11d543af45e2a86bf7a0ffa348297c505c706bebad8e773",
    "https://esm.sh/xmlbuilder@10.1.1?target=denonext": "6ecf6c3da09138f6b2890fa464c7bf7c0a11ff713fadd2ac16d618b76567e9cd"
  }
}
